// !$*UTF8*$!
{
	archiveVersion = 1;
	classes = {
	};
	objectVersion = 48;
	objects = {

/* Begin PBXBuildFile section */
		4B89C0011F28FB010092B77B /* AppDelegate.swift in Sources */ = {isa = PBXBuildFile; fileRef = 4B89C0001F28FB010092B77B /* AppDelegate.swift */; };
		4B89C0031F28FB010092B77B /* ViewController.swift in Sources */ = {isa = PBXBuildFile; fileRef = 4B89C0021F28FB010092B77B /* ViewController.swift */; };
		4B89C0061F28FB010092B77B /* Main.storyboard in Resources */ = {isa = PBXBuildFile; fileRef = 4B89C0041F28FB010092B77B /* Main.storyboard */; };
		4B89C0081F28FB010092B77B /* Assets.xcassets in Resources */ = {isa = PBXBuildFile; fileRef = 4B89C0071F28FB010092B77B /* Assets.xcassets */; };
		4B89C00B1F28FB010092B77B /* LaunchScreen.storyboard in Resources */ = {isa = PBXBuildFile; fileRef = 4B89C0091F28FB010092B77B /* LaunchScreen.storyboard */; };
/* End PBXBuildFile section */

/* Begin PBXFileReference section */
		4B89BFFD1F28FB010092B77B /* StaticLinkedApp.app */ = {isa = PBXFileReference; explicitFileType = wrapper.application; includeInIndex = 0; path = StaticLinkedApp.app; sourceTree = BUILT_PRODUCTS_DIR; };
		4B89C0001F28FB010092B77B /* AppDelegate.swift */ = {isa = PBXFileReference; lastKnownFileType = sourcecode.swift; path = AppDelegate.swift; sourceTree = "<group>"; };
		4B89C0021F28FB010092B77B /* ViewController.swift */ = {isa = PBXFileReference; lastKnownFileType = sourcecode.swift; path = ViewController.swift; sourceTree = "<group>"; };
		4B89C0051F28FB010092B77B /* Base */ = {isa = PBXFileReference; lastKnownFileType = file.storyboard; name = Base; path = Base.lproj/Main.storyboard; sourceTree = "<group>"; };
		4B89C0071F28FB010092B77B /* Assets.xcassets */ = {isa = PBXFileReference; lastKnownFileType = folder.assetcatalog; path = Assets.xcassets; sourceTree = "<group>"; };
		4B89C00A1F28FB010092B77B /* Base */ = {isa = PBXFileReference; lastKnownFileType = file.storyboard; name = Base; path = Base.lproj/LaunchScreen.storyboard; sourceTree = "<group>"; };
		4B89C00C1F28FB010092B77B /* Info.plist */ = {isa = PBXFileReference; lastKnownFileType = text.plist.xml; path = Info.plist; sourceTree = "<group>"; };
/* End PBXFileReference section */

/* Begin PBXFrameworksBuildPhase section */
		4B89BFFA1F28FB010092B77B /* Frameworks */ = {
			isa = PBXFrameworksBuildPhase;
			buildActionMask = 2147483647;
			files = (
			);
			runOnlyForDeploymentPostprocessing = 0;
		};
/* End PBXFrameworksBuildPhase section */

/* Begin PBXGroup section */
		4B89BFF41F28FB010092B77B = {
			isa = PBXGroup;
			children = (
				4B89BFFF1F28FB010092B77B /* StaticLinkedApp */,
				4B89BFFE1F28FB010092B77B /* Products */,
			);
			sourceTree = "<group>";
		};
		4B89BFFE1F28FB010092B77B /* Products */ = {
			isa = PBXGroup;
			children = (
				4B89BFFD1F28FB010092B77B /* StaticLinkedApp.app */,
			);
			name = Products;
			sourceTree = "<group>";
		};
		4B89BFFF1F28FB010092B77B /* StaticLinkedApp */ = {
			isa = PBXGroup;
			children = (
				4B89C0001F28FB010092B77B /* AppDelegate.swift */,
				4B89C0021F28FB010092B77B /* ViewController.swift */,
				4B89C0041F28FB010092B77B /* Main.storyboard */,
				4B89C0071F28FB010092B77B /* Assets.xcassets */,
				4B89C0091F28FB010092B77B /* LaunchScreen.storyboard */,
				4B89C00C1F28FB010092B77B /* Info.plist */,
			);
			path = StaticLinkedApp;
			sourceTree = "<group>";
		};
/* End PBXGroup section */

/* Begin PBXNativeTarget section */
		4B89BFFC1F28FB010092B77B /* StaticLinkedApp */ = {
			isa = PBXNativeTarget;
			buildConfigurationList = 4B89C00F1F28FB010092B77B /* Build configuration list for PBXNativeTarget "StaticLinkedApp" */;
			buildPhases = (
				4B89BFF91F28FB010092B77B /* Sources */,
				4B89BFFA1F28FB010092B77B /* Frameworks */,
				4B89BFFB1F28FB010092B77B /* Resources */,
			);
			buildRules = (
			);
			dependencies = (
			);
			name = StaticLinkedApp;
			productName = StaticLinkedApp;
			productReference = 4B89BFFD1F28FB010092B77B /* StaticLinkedApp.app */;
			productType = "com.apple.product-type.application";
		};
/* End PBXNativeTarget section */

/* Begin PBXProject section */
		4B89BFF51F28FB010092B77B /* Project object */ = {
			isa = PBXProject;
			attributes = {
				LastSwiftUpdateCheck = 0900;
				LastUpgradeCheck = 0900;
				ORGANIZATIONNAME = muukii;
				TargetAttributes = {
					4B89BFFC1F28FB010092B77B = {
						CreatedOnToolsVersion = 9.0;
					};
				};
			};
			buildConfigurationList = 4B89BFF81F28FB010092B77B /* Build configuration list for PBXProject "StaticLinkedApp" */;
			compatibilityVersion = "Xcode 8.0";
			developmentRegion = en;
			hasScannedForEncodings = 0;
			knownRegions = (
				en,
				Base,
			);
			mainGroup = 4B89BFF41F28FB010092B77B;
			productRefGroup = 4B89BFFE1F28FB010092B77B /* Products */;
			projectDirPath = "";
			projectRoot = "";
			targets = (
				4B89BFFC1F28FB010092B77B /* StaticLinkedApp */,
			);
		};
/* End PBXProject section */

/* Begin PBXResourcesBuildPhase section */
		4B89BFFB1F28FB010092B77B /* Resources */ = {
			isa = PBXResourcesBuildPhase;
			buildActionMask = 2147483647;
			files = (
				4B89C00B1F28FB010092B77B /* LaunchScreen.storyboard in Resources */,
				4B89C0081F28FB010092B77B /* Assets.xcassets in Resources */,
				4B89C0061F28FB010092B77B /* Main.storyboard in Resources */,
			);
			runOnlyForDeploymentPostprocessing = 0;
		};
/* End PBXResourcesBuildPhase section */

/* Begin PBXSourcesBuildPhase section */
		4B89BFF91F28FB010092B77B /* Sources */ = {
			isa = PBXSourcesBuildPhase;
			buildActionMask = 2147483647;
			files = (
				4B89C0031F28FB010092B77B /* ViewController.swift in Sources */,
				4B89C0011F28FB010092B77B /* AppDelegate.swift in Sources */,
			);
			runOnlyForDeploymentPostprocessing = 0;
		};
/* End PBXSourcesBuildPhase section */

/* Begin PBXVariantGroup section */
		4B89C0041F28FB010092B77B /* Main.storyboard */ = {
			isa = PBXVariantGroup;
			children = (
				4B89C0051F28FB010092B77B /* Base */,
			);
			name = Main.storyboard;
			sourceTree = "<group>";
		};
		4B89C0091F28FB010092B77B /* LaunchScreen.storyboard */ = {
			isa = PBXVariantGroup;
			children = (
				4B89C00A1F28FB010092B77B /* Base */,
			);
			name = LaunchScreen.storyboard;
			sourceTree = "<group>";
		};
/* End PBXVariantGroup section */

/* Begin XCBuildConfiguration section */
		4B89C00D1F28FB010092B77B /* Debug */ = {
			isa = XCBuildConfiguration;
			buildSettings = {
				ALWAYS_SEARCH_USER_PATHS = NO;
				CLANG_ANALYZER_NONNULL = YES;
				CLANG_ANALYZER_NUMBER_OBJECT_CONVERSION = YES_AGGRESSIVE;
				CLANG_CXX_LANGUAGE_STANDARD = "gnu++14";
				CLANG_CXX_LIBRARY = "libc++";
				CLANG_ENABLE_MODULES = YES;
				CLANG_ENABLE_OBJC_ARC = YES;
				CLANG_WARN_BLOCK_CAPTURE_AUTORELEASING = YES;
				CLANG_WARN_BOOL_CONVERSION = YES;
				CLANG_WARN_COMMA = YES;
				CLANG_WARN_CONSTANT_CONVERSION = YES;
				CLANG_WARN_DIRECT_OBJC_ISA_USAGE = YES_ERROR;
				CLANG_WARN_DOCUMENTATION_COMMENTS = YES;
				CLANG_WARN_EMPTY_BODY = YES;
				CLANG_WARN_ENUM_CONVERSION = YES;
				CLANG_WARN_INFINITE_RECURSION = YES;
				CLANG_WARN_INT_CONVERSION = YES;
				CLANG_WARN_NON_LITERAL_NULL_CONVERSION = YES;
				CLANG_WARN_OBJC_LITERAL_CONVERSION = YES;
				CLANG_WARN_OBJC_ROOT_CLASS = YES_ERROR;
				CLANG_WARN_RANGE_LOOP_ANALYSIS = YES;
				CLANG_WARN_STRICT_PROTOTYPES = YES;
				CLANG_WARN_SUSPICIOUS_MOVE = YES;
				CLANG_WARN_UNGUARDED_AVAILABILITY = YES_AGGRESSIVE;
				CLANG_WARN_UNREACHABLE_CODE = YES;
				CLANG_WARN__DUPLICATE_METHOD_MATCH = YES;
				CODE_SIGN_IDENTITY = "iPhone Developer";
				COPY_PHASE_STRIP = NO;
				DEBUG_INFORMATION_FORMAT = dwarf;
				ENABLE_STRICT_OBJC_MSGSEND = YES;
				ENABLE_TESTABILITY = YES;
				GCC_C_LANGUAGE_STANDARD = gnu11;
				GCC_DYNAMIC_NO_PIC = NO;
				GCC_NO_COMMON_BLOCKS = YES;
				GCC_OPTIMIZATION_LEVEL = 0;
				GCC_PREPROCESSOR_DEFINITIONS = (
					"DEBUG=1",
					"$(inherited)",
				);
				GCC_WARN_64_TO_32_BIT_CONVERSION = YES;
				GCC_WARN_ABOUT_RETURN_TYPE = YES_ERROR;
				GCC_WARN_UNDECLARED_SELECTOR = YES;
				GCC_WARN_UNINITIALIZED_AUTOS = YES_AGGRESSIVE;
				GCC_WARN_UNUSED_FUNCTION = YES;
				GCC_WARN_UNUSED_VARIABLE = YES;
				IPHONEOS_DEPLOYMENT_TARGET = 11.0;
				MTL_ENABLE_DEBUG_INFO = YES;
				ONLY_ACTIVE_ARCH = YES;
				SDKROOT = iphoneos;
				SWIFT_ACTIVE_COMPILATION_CONDITIONS = DEBUG;
				SWIFT_OPTIMIZATION_LEVEL = "-Onone";
			};
			name = Debug;
		};
		4B89C00E1F28FB010092B77B /* Release */ = {
			isa = XCBuildConfiguration;
			buildSettings = {
				ALWAYS_SEARCH_USER_PATHS = NO;
				CLANG_ANALYZER_NONNULL = YES;
				CLANG_ANALYZER_NUMBER_OBJECT_CONVERSION = YES_AGGRESSIVE;
				CLANG_CXX_LANGUAGE_STANDARD = "gnu++14";
				CLANG_CXX_LIBRARY = "libc++";
				CLANG_ENABLE_MODULES = YES;
				CLANG_ENABLE_OBJC_ARC = YES;
				CLANG_WARN_BLOCK_CAPTURE_AUTORELEASING = YES;
				CLANG_WARN_BOOL_CONVERSION = YES;
				CLANG_WARN_COMMA = YES;
				CLANG_WARN_CONSTANT_CONVERSION = YES;
				CLANG_WARN_DIRECT_OBJC_ISA_USAGE = YES_ERROR;
				CLANG_WARN_DOCUMENTATION_COMMENTS = YES;
				CLANG_WARN_EMPTY_BODY = YES;
				CLANG_WARN_ENUM_CONVERSION = YES;
				CLANG_WARN_INFINITE_RECURSION = YES;
				CLANG_WARN_INT_CONVERSION = YES;
				CLANG_WARN_NON_LITERAL_NULL_CONVERSION = YES;
				CLANG_WARN_OBJC_LITERAL_CONVERSION = YES;
				CLANG_WARN_OBJC_ROOT_CLASS = YES_ERROR;
				CLANG_WARN_RANGE_LOOP_ANALYSIS = YES;
				CLANG_WARN_STRICT_PROTOTYPES = YES;
				CLANG_WARN_SUSPICIOUS_MOVE = YES;
				CLANG_WARN_UNGUARDED_AVAILABILITY = YES_AGGRESSIVE;
				CLANG_WARN_UNREACHABLE_CODE = YES;
				CLANG_WARN__DUPLICATE_METHOD_MATCH = YES;
				CODE_SIGN_IDENTITY = "iPhone Developer";
				COPY_PHASE_STRIP = NO;
				DEBUG_INFORMATION_FORMAT = "dwarf-with-dsym";
				ENABLE_NS_ASSERTIONS = NO;
				ENABLE_STRICT_OBJC_MSGSEND = YES;
				GCC_C_LANGUAGE_STANDARD = gnu11;
				GCC_NO_COMMON_BLOCKS = YES;
				GCC_WARN_64_TO_32_BIT_CONVERSION = YES;
				GCC_WARN_ABOUT_RETURN_TYPE = YES_ERROR;
				GCC_WARN_UNDECLARED_SELECTOR = YES;
				GCC_WARN_UNINITIALIZED_AUTOS = YES_AGGRESSIVE;
				GCC_WARN_UNUSED_FUNCTION = YES;
				GCC_WARN_UNUSED_VARIABLE = YES;
				IPHONEOS_DEPLOYMENT_TARGET = 11.0;
				MTL_ENABLE_DEBUG_INFO = NO;
				SDKROOT = iphoneos;
				SWIFT_OPTIMIZATION_LEVEL = "-Owholemodule";
				VALIDATE_PRODUCT = YES;
			};
			name = Release;
		};
		4B89C0101F28FB010092B77B /* Debug */ = {
			isa = XCBuildConfiguration;
			buildSettings = {
				ASSETCATALOG_COMPILER_APPICON_NAME = AppIcon;
				INFOPLIST_FILE = StaticLinkedApp/Info.plist;
				LD_RUNPATH_SEARCH_PATHS = "$(inherited) @executable_path/Frameworks";
				PRODUCT_BUNDLE_IDENTIFIER = me.muukii.StaticLinkedApp;
				PRODUCT_NAME = "$(TARGET_NAME)";
				SWIFT_VERSION = 4.0;
				TARGETED_DEVICE_FAMILY = "1,2";
			};
			name = Debug;
		};
		4B89C0111F28FB010092B77B /* Release */ = {
			isa = XCBuildConfiguration;
			buildSettings = {
				ASSETCATALOG_COMPILER_APPICON_NAME = AppIcon;
				INFOPLIST_FILE = StaticLinkedApp/Info.plist;
				LD_RUNPATH_SEARCH_PATHS = "$(inherited) @executable_path/Frameworks";
				PRODUCT_BUNDLE_IDENTIFIER = me.muukii.StaticLinkedApp;
				PRODUCT_NAME = "$(TARGET_NAME)";
				SWIFT_VERSION = 4.0;
				TARGETED_DEVICE_FAMILY = "1,2";
			};
			name = Release;
		};
/* End XCBuildConfiguration section */

/* Begin XCConfigurationList section */
		4B89BFF81F28FB010092B77B /* Build configuration list for PBXProject "StaticLinkedApp" */ = {
			isa = XCConfigurationList;
			buildConfigurations = (
				4B89C00D1F28FB010092B77B /* Debug */,
				4B89C00E1F28FB010092B77B /* Release */,
			);
			defaultConfigurationIsVisible = 0;
			defaultConfigurationName = Release;
		};
		4B89C00F1F28FB010092B77B /* Build configuration list for PBXNativeTarget "StaticLinkedApp" */ = {
			isa = XCConfigurationList;
			buildConfigurations = (
				4B89C0101F28FB010092B77B /* Debug */,
				4B89C0111F28FB010092B77B /* Release */,
			);
			defaultConfigurationIsVisible = 0;
			defaultConfigurationName = Release;
		};
/* End XCConfigurationList section */
	};
	rootObject = 4B89BFF51F28FB010092B77B /* Project object */;
}
